
Microsoft Visual Studio Solution File, Format Version 12.00
# Visual Studio 15
VisualStudioVersion = 15.0.28307.271
MinimumVisualStudioVersion = 10.0.40219.1
Project("{8BC9CEB8-8B4A-11D0-8D11-00A0C91BC942}") = "TestJNIString", "TestJNIString\TestJNIString.vcxproj", "{88C0B4D8-EC06-4CE0-B7F0-15C23FF6EBF3}"
EndProject
Global
	GlobalSection(SolutionConfigurationPlatforms) = preSolution
		Debug|x64 = Debug|x64
		Debug|x86 = Debug|x86
		Release|x64 = Release|x64
		Release|x86 = Release|x86
	EndGlobalSection
	GlobalSection(ProjectConfigurationPlatforms) = postSolution
		{88C0B4D8-EC06-4CE0-B7F0-15C23FF6EBF3}.Debug|x64.ActiveCfg = Debug|x64
		{88C0B4D8-EC06-4CE0-B7F0-15C23FF6EBF3}.Debug|x64.Build.0 = Debug|x64
		{88C0B4D8-EC06-4CE0-B7F0-15C23FF6EBF3}.Debug|x86.ActiveCfg = Debug|Win32
		{88C0B4D8-EC06-4CE0-B7F0-15C23FF6EBF3}.Debug|x86.Build.0 = Debug|Win32
		{88C0B4D8-EC06-4CE0-B7F0-15C23FF6EBF3}.Release|x64.ActiveCfg = Release|x64
		{88C0B4D8-EC06-4CE0-B7F0-15C23FF6EBF3}.Release|x64.Build.0 = Release|x64
		{88C0B4D8-EC06-4CE0-B7F0-15C23FF6EBF3}.Release|x86.ActiveCfg = Release|Win32
		{88C0B4D8-EC06-4CE0-B7F0-15C23FF6EBF3}.Release|x86.Build.0 = Release|Win32
	EndGlobalSection
	GlobalSection(SolutionProperties) = preSolution
		HideSolutionNode = FALSE
	EndGlobalSection
	GlobalSection(ExtensibilityGlobals) = postSolution
		SolutionGuid = {21319EE2-15C1-40C6-A69D-BE44D3033786}
	EndGlobalSection
EndGlobal
